# @generated - this file is auto-generated by `mise lock` https://mise.jdx.dev/dev-tools/mise-lock.html

[[tools.gh]]
version = "2.97.0"
backend = "aqua:cli/cli"

[tools.gh."platforms.linux-arm64"]
checksum = "sha256:73ea440ecad9c9e284429997ee6f93577bc6f7bc6fba357ef62c53ad8fb641a5"
url = "https://github.com/cli/cli/releases/download/v2.97.0/gh_2.97.0_linux_arm64.tar.gz"
url_api = "https://api.github.com/repos/cli/cli/releases/assets/496108278"
provenance = "github-attestations"

[tools.gh."platforms.linux-arm64-musl"]
checksum = "sha256:73ea440ecad9c9e284429997ee6f93577bc6f7bc6fba357ef62c53ad8fb641a5"
url = "https://github.com/cli/cli/releases/download/v2.97.0/gh_2.97.0_linux_arm64.tar.gz"
url_api = "https://api.github.com/repos/cli/cli/releases/assets/496108278"
provenance = "github-attestations"

[tools.gh."platforms.linux-x64"]
checksum = "sha256:a2c9b8497e1f85b1ad0dfcb78b5a622e098801b8e461e459e88e1ee12f018112"
url = "https://github.com/cli/cli/releases/download/v2.97.0/gh_2.97.0_linux_amd64.tar.gz"
url_api = "https://api.github.com/repos/cli/cli/releases/assets/496108269"
provenance = "github-attestations"

[tools.gh."platforms.linux-x64-musl"]
checksum = "sha256:a2c9b8497e1f85b1ad0dfcb78b5a622e098801b8e461e459e88e1ee12f018112"
url = "https://github.com/cli/cli/releases/download/v2.97.0/gh_2.97.0_linux_amd64.tar.gz"
url_api = "https://api.github.com/repos/cli/cli/releases/assets/496108269"
provenance = "github-attestations"

[tools.gh."platforms.macos-arm64"]
checksum = "sha256:a58b8fd77b417a38f47a0b54d1370c59b0fcdb324ccc9ca002b0998f7c4c999e"
url = "https://github.com/cli/cli/releases/download/v2.97.0/gh_2.97.0_macOS_arm64.zip"
url_api = "https://api.github.com/repos/cli/cli/releases/assets/496108298"
provenance = "github-attestations"

[tools.gh."platforms.macos-x64"]
checksum = "sha256:63298c998cc2a924c9e254c6af6a1caad6ece281122687a91f079bc0a462700e"
url = "https://github.com/cli/cli/releases/download/v2.97.0/gh_2.97.0_macOS_amd64.zip"
url_api = "https://api.github.com/repos/cli/cli/releases/assets/496108300"
provenance = "github-attestations"

[tools.gh."platforms.windows-x64"]
checksum = "sha256:35d7fe05c4dd1411ffda1e73dfc7c6f44b75c936ca51fa6595c657fdc0350cec"
url = "https://github.com/cli/cli/releases/download/v2.97.0/gh_2.97.0_windows_amd64.zip"
url_api = "https://api.github.com/repos/cli/cli/releases/assets/496108319"
provenance = "github-attestations"

[[tools.terraform]]
version = "1.14.8"
backend = "aqua:hashicorp/terraform"

[tools.terraform."platforms.linux-arm64"]
checksum = "sha256:c953171cde6b25ca0448c3b29a90d2f46c0310121e18742ec8f89631768e770c"
url = "https://releases.hashicorp.com/terraform/1.14.8/terraform_1.14.8_linux_arm64.zip"

[tools.terraform."platforms.linux-arm64-musl"]
checksum = "sha256:c953171cde6b25ca0448c3b29a90d2f46c0310121e18742ec8f89631768e770c"
url = "https://releases.hashicorp.com/terraform/1.14.8/terraform_1.14.8_linux_arm64.zip"

[tools.terraform."platforms.linux-x64"]
checksum = "sha256:56a5d12f47cbc1c6bedb8f5426ae7d5df984d1929572c24b56f4c82e9f9bf709"
url = "https://releases.hashicorp.com/terraform/1.14.8/terraform_1.14.8_linux_amd64.zip"

[tools.terraform."platforms.linux-x64-musl"]
checksum = "sha256:56a5d12f47cbc1c6bedb8f5426ae7d5df984d1929572c24b56f4c82e9f9bf709"
url = "https://releases.hashicorp.com/terraform/1.14.8/terraform_1.14.8_linux_amd64.zip"

[tools.terraform."platforms.macos-arm64"]
checksum = "sha256:5593670a2d42323847bfb216db17c73a44df201a62f7587928bae16adeabba23"
url = "https://releases.hashicorp.com/terraform/1.14.8/terraform_1.14.8_darwin_arm64.zip"

[tools.terraform."platforms.macos-x64"]
checksum = "sha256:26dd7593d22e9d99ec09380f0869718f649be7b7f954d888611335e6a84961f8"
url = "https://releases.hashicorp.com/terraform/1.14.8/terraform_1.14.8_darwin_amd64.zip"

[tools.terraform."platforms.windows-x64"]
checksum = "sha256:a237008008019589c600ecb0ae0842c9ea4ca5601f7c54ddbc64d274037b0abb"
url = "https://releases.hashicorp.com/terraform/1.14.8/terraform_1.14.8_windows_amd64.zip"
