{
  "version": 4,
  "terraform_version": "1.14.8",
  "serial": 27,
  "lineage": "6851a892-4fcb-9e2e-485a-087121b89d45",
  "outputs": {},
  "resources": [
    {
      "mode": "managed",
      "type": "github_actions_environment_variable",
      "name": "dev",
      "provider": "provider[\"registry.terraform.io/integrations/github\"]",
      "instances": [
        {
          "schema_version": 1,
          "attributes": {
            "created_at": "2026-08-25 02:33:04 +0000 UTC",
            "environment": "dev",
            "id": "deploy-test:dev:SOME_SETTING",
            "repository": "deploy-test",
            "repository_id": 1345591893,
            "updated_at": "2026-08-25 02:33:04 +0000 UTC",
            "value": "some-value-dev",
            "variable_name": "SOME_SETTING"
          },
          "sensitive_attributes": [],
          "identity_schema_version": 0,
          "private": "eyJzY2hlbWFfdmVyc2lvbiI6IjEifQ==",
          "dependencies": [
            "github_repository.repo",
            "github_repository_environment.dev"
          ]
        }
      ]
    },
    {
      "mode": "managed",
      "type": "github_actions_environment_variable",
      "name": "int",
      "provider": "provider[\"registry.terraform.io/integrations/github\"]",
      "instances": [
        {
          "schema_version": 1,
          "attributes": {
            "created_at": "2026-08-25 02:32:53 +0000 UTC",
            "environment": "int",
            "id": "deploy-test:int:SOME_SETTING",
            "repository": "deploy-test",
            "repository_id": 1345591893,
            "updated_at": "2026-08-25 02:32:53 +0000 UTC",
            "value": "some-value-int",
            "variable_name": "SOME_SETTING"
          },
          "sensitive_attributes": [],
          "identity_schema_version": 0,
          "private": "eyJzY2hlbWFfdmVyc2lvbiI6IjEifQ==",
          "dependencies": [
            "github_repository.repo",
            "github_repository_environment.int"
          ]
        }
      ]
    },
    {
      "mode": "managed",
      "type": "github_actions_environment_variable",
      "name": "prod",
      "provider": "provider[\"registry.terraform.io/integrations/github\"]",
      "instances": [
        {
          "schema_version": 1,
          "attributes": {
            "created_at": "2026-08-25 02:32:52 +0000 UTC",
            "environment": "prod",
            "id": "deploy-test:prod:SOME_SETTING",
            "repository": "deploy-test",
            "repository_id": 1345591893,
            "updated_at": "2026-08-25 02:32:52 +0000 UTC",
            "value": "some-value-prod",
            "variable_name": "SOME_SETTING"
          },
          "sensitive_attributes": [],
          "identity_schema_version": 0,
          "private": "eyJzY2hlbWFfdmVyc2lvbiI6IjEifQ==",
          "dependencies": [
            "github_repository.repo",
            "github_repository_environment.prod"
          ]
        }
      ]
    },
    {
      "mode": "managed",
      "type": "github_repository",
      "name": "repo",
      "provider": "provider[\"registry.terraform.io/integrations/github\"]",
      "instances": [
        {
          "schema_version": 1,
          "attributes": {
            "allow_auto_merge": false,
            "allow_forking": true,
            "allow_merge_commit": true,
            "allow_rebase_merge": true,
            "allow_squash_merge": true,
            "allow_update_branch": false,
            "archive_on_destroy": null,
            "archived": false,
            "auto_init": null,
            "default_branch": "main",
            "delete_branch_on_merge": false,
            "description": "Testing different GitHub-based deployment strategies",
            "etag": "W/\"07053d0bfdaa032e78e2cfd18c338da5180be96078b95c2019949e356b669b67\"",
            "fork": "false",
            "full_name": "fajpunk/deploy-test",
            "git_clone_url": "git://github.com/fajpunk/deploy-test.git",
            "gitignore_template": null,
            "has_discussions": false,
            "has_downloads": false,
            "has_issues": false,
            "has_projects": false,
            "has_wiki": false,
            "homepage_url": "",
            "html_url": "https://github.com/fajpunk/deploy-test",
            "http_clone_url": "https://github.com/fajpunk/deploy-test.git",
            "id": "deploy-test",
            "ignore_vulnerability_alerts_during_read": false,
            "is_template": false,
            "license_template": null,
            "merge_commit_message": "PR_TITLE",
            "merge_commit_title": "MERGE_MESSAGE",
            "name": "deploy-test",
            "node_id": "R_kgDOUDQaVQ",
            "pages": [],
            "primary_language": "",
            "private": false,
            "repo_id": 1345591893,
            "security_and_analysis": [
              {
                "advanced_security": [],
                "code_security": [],
                "secret_scanning": [
                  {
                    "status": "enabled"
                  }
                ],
                "secret_scanning_ai_detection": [],
                "secret_scanning_non_provider_patterns": [],
                "secret_scanning_push_protection": [
                  {
                    "status": "enabled"
                  }
                ]
              }
            ],
            "source_owner": "",
            "source_repo": "",
            "squash_merge_commit_message": "COMMIT_MESSAGES",
            "squash_merge_commit_title": "COMMIT_OR_PR_TITLE",
            "ssh_clone_url": "git@github.com:fajpunk/deploy-test.git",
            "svn_url": "https://github.com/fajpunk/deploy-test",
            "template": [],
            "topics": [],
            "visibility": "public",
            "vulnerability_alerts": false,
            "web_commit_signoff_required": false
          },
          "sensitive_attributes": [],
          "identity_schema_version": 0,
          "private": "eyJzY2hlbWFfdmVyc2lvbiI6IjEifQ=="
        }
      ]
    },
    {
      "mode": "managed",
      "type": "github_repository_environment",
      "name": "dev",
      "provider": "provider[\"registry.terraform.io/integrations/github\"]",
      "instances": [
        {
          "schema_version": 1,
          "attributes": {
            "can_admins_bypass": true,
            "deployment_branch_policy": [],
            "environment": "dev",
            "id": "deploy-test:dev",
            "prevent_self_review": false,
            "repository": "deploy-test",
            "repository_id": 1345591893,
            "reviewers": [],
            "wait_timer": 0
          },
          "sensitive_attributes": [],
          "identity_schema_version": 0,
          "private": "eyJzY2hlbWFfdmVyc2lvbiI6IjEifQ==",
          "dependencies": [
            "github_repository.repo"
          ]
        }
      ]
    },
    {
      "mode": "managed",
      "type": "github_repository_environment",
      "name": "int",
      "provider": "provider[\"registry.terraform.io/integrations/github\"]",
      "instances": [
        {
          "schema_version": 1,
          "attributes": {
            "can_admins_bypass": true,
            "deployment_branch_policy": [],
            "environment": "int",
            "id": "deploy-test:int",
            "prevent_self_review": false,
            "repository": "deploy-test",
            "repository_id": 1345591893,
            "reviewers": [],
            "wait_timer": 0
          },
          "sensitive_attributes": [],
          "identity_schema_version": 0,
          "private": "eyJzY2hlbWFfdmVyc2lvbiI6IjEifQ==",
          "dependencies": [
            "github_repository.repo"
          ]
        }
      ]
    },
    {
      "mode": "managed",
      "type": "github_repository_environment",
      "name": "prod",
      "provider": "provider[\"registry.terraform.io/integrations/github\"]",
      "instances": [
        {
          "schema_version": 1,
          "attributes": {
            "can_admins_bypass": true,
            "deployment_branch_policy": [
              {
                "custom_branch_policies": false,
                "protected_branches": true
              }
            ],
            "environment": "prod",
            "id": "deploy-test:prod",
            "prevent_self_review": false,
            "repository": "deploy-test",
            "repository_id": 1345591893,
            "reviewers": [],
            "wait_timer": 0
          },
          "sensitive_attributes": [],
          "identity_schema_version": 0,
          "private": "eyJzY2hlbWFfdmVyc2lvbiI6IjEifQ==",
          "dependencies": [
            "github_repository.repo"
          ]
        }
      ]
    },
    {
      "mode": "managed",
      "type": "github_repository_ruleset",
      "name": "default",
      "provider": "provider[\"registry.terraform.io/integrations/github\"]",
      "instances": [
        {
          "schema_version": 1,
          "attributes": {
            "bypass_actors": [],
            "conditions": [
              {
                "ref_name": [
                  {
                    "exclude": [],
                    "include": [
                      "~DEFAULT_BRANCH"
                    ]
                  }
                ]
              }
            ],
            "enforcement": "active",
            "etag": "\"fe71150a5400980360dfee7c1895bad4af89e727d7b888b0a134610ab2d524e5\"",
            "id": "21364551",
            "name": "default",
            "node_id": "RRS_lACqUmVwb3NpdG9yec5QNBpVzgFF_0c",
            "repository": "deploy-test",
            "rules": [
              {
                "branch_name_pattern": [],
                "commit_author_email_pattern": [],
                "commit_message_pattern": [],
                "committer_email_pattern": [],
                "copilot_code_review": [],
                "creation": false,
                "deletion": false,
                "file_extension_restriction": [],
                "file_path_restriction": [],
                "max_file_path_length": [],
                "max_file_size": [],
                "merge_queue": [],
                "non_fast_forward": false,
                "pull_request": [
                  {
                    "allowed_merge_methods": [
                      "merge",
                      "squash",
                      "rebase"
                    ],
                    "dismiss_stale_reviews_on_push": false,
                    "require_code_owner_review": false,
                    "require_last_push_approval": false,
                    "required_approving_review_count": 0,
                    "required_review_thread_resolution": false,
                    "required_reviewers": []
                  }
                ],
                "required_code_scanning": [],
                "required_deployments": [],
                "required_linear_history": false,
                "required_signatures": false,
                "required_status_checks": [],
                "tag_name_pattern": [],
                "update": false,
                "update_allows_fetch_and_merge": false
              }
            ],
            "ruleset_id": 21364551,
            "target": "branch"
          },
          "sensitive_attributes": [],
          "identity_schema_version": 0,
          "private": "eyJzY2hlbWFfdmVyc2lvbiI6IjEifQ==",
          "dependencies": [
            "github_repository.repo"
          ]
        }
      ]
    }
  ],
  "check_results": null
}
